[{<<"opentelemetry">>,
  {git_subdir,"git://github.com/open-telemetry/opentelemetry-erlang",
              {ref,"bcd54678ef67517c31f65b780f03b752b155a950"},
              "apps/opentelemetry"},
  0},
 {<<"opentelemetry_api">>,
  {git_subdir,"git://github.com/open-telemetry/opentelemetry-erlang",
              {ref,"bcd54678ef67517c31f65b780f03b752b155a950"},
              "apps/opentelemetry_api"},
  0}].
