{"1.2.0",
[{<<"opentelemetry">>,{pkg,<<"opentelemetry">>,<<"0.6.0">>},0},
 {<<"opentelemetry_api">>,{pkg,<<"opentelemetry_api">>,<<"0.6.0">>},0}]}.
[
{pkg_hash,[
 {<<"opentelemetry">>, <<"7E7D5A9A66F047DAD3AE7613FC7CEF25AF3C19692663C2F8C00B015E4845592A">>},
 {<<"opentelemetry_api">>, <<"749CCBFC68B3C8347E52492503A67F85DA61ED898E42A592E62DB88D3BCEDF19">>}]},
{pkg_hash_ext,[
 {<<"opentelemetry">>, <<"91F486315F7C4183245E1EC146563AE1073EC2044F4D186FABE9CB4841005200">>},
 {<<"opentelemetry_api">>, <<"01D6A2455B42CF3AA225692210510C39727FF92F9612AEA657D1395B642AD44F">>}]}
].
